
Microsoft Visual Studio Solution File, Format Version 12.00
# Visual Studio Version 17
VisualStudioVersion = 17.2.32616.157
MinimumVisualStudioVersion = 10.0.40219.1
Project("{FAE04EC0-301F-11D3-BF4B-00C04F79EFBC}") = "ConsoleAppCompilerAssemblyToMachinecode", "ConsoleAppCompilerAssemblyToMachinecode\ConsoleAppCompilerAssemblyToMachinecode.csproj", "{AB0E1A99-DD7C-4EA7-8BB6-E4241AFD3805}"
EndProject
Global
	GlobalSection(SolutionConfigurationPlatforms) = preSolution
		Debug|Any CPU = Debug|Any CPU
		Release|Any CPU = Release|Any CPU
	EndGlobalSection
	GlobalSection(ProjectConfigurationPlatforms) = postSolution
		{AB0E1A99-DD7C-4EA7-8BB6-E4241AFD3805}.Debug|Any CPU.ActiveCfg = Debug|Any CPU
		{AB0E1A99-DD7C-4EA7-8BB6-E4241AFD3805}.Debug|Any CPU.Build.0 = Debug|Any CPU
		{AB0E1A99-DD7C-4EA7-8BB6-E4241AFD3805}.Release|Any CPU.ActiveCfg = Release|Any CPU
		{AB0E1A99-DD7C-4EA7-8BB6-E4241AFD3805}.Release|Any CPU.Build.0 = Release|Any CPU
	EndGlobalSection
	GlobalSection(SolutionProperties) = preSolution
		HideSolutionNode = FALSE
	EndGlobalSection
	GlobalSection(ExtensibilityGlobals) = postSolution
		SolutionGuid = {2A69F757-E67D-4912-991E-CC20297DAF41}
	EndGlobalSection
EndGlobal
